
Microsoft Visual Studio Solution File, Format Version 11.00
# Visual Studio 2010
Project("{FAE04EC0-301F-11D3-BF4B-00C04F79EFBC}") = "Assembly-CSharp-firstpass", "Assembly-CSharp-firstpass.csproj", "{4a8d4965-5d61-5cda-f2ab-4d99100956d7}"
EndProject
Project("{FAE04EC0-301F-11D3-BF4B-00C04F79EFBC}") = "Assembly-CSharp", "Assembly-CSharp.csproj", "{3c8e9f5d-d35c-3723-2304-c583bf75f03c}"
EndProject
Global
	GlobalSection(SolutionConfigurationPlatforms) = preSolution
		Debug|Any CPU = Debug|Any CPU
	EndGlobalSection
	GlobalSection(ProjectConfigurationPlatforms) = postSolution
		{4a8d4965-5d61-5cda-f2ab-4d99100956d7}.Debug|Any CPU.ActiveCfg = Debug|Any CPU
		{4a8d4965-5d61-5cda-f2ab-4d99100956d7}.Debug|Any CPU.Build.0 = Debug|Any CPU
		{3c8e9f5d-d35c-3723-2304-c583bf75f03c}.Debug|Any CPU.ActiveCfg = Debug|Any CPU
		{3c8e9f5d-d35c-3723-2304-c583bf75f03c}.Debug|Any CPU.Build.0 = Debug|Any CPU
	EndGlobalSection
	GlobalSection(SolutionProperties) = preSolution
		HideSolutionNode = FALSE
	EndGlobalSection
EndGlobal
